
Microsoft Visual Studio Solution File, Format Version 12.00
# Visual Studio 15
VisualStudioVersion = 15.0.28010.2016
MinimumVisualStudioVersion = 10.0.40219.1
Project("{FAE04EC0-301F-11D3-BF4B-00C04F79EFBC}") = "PirisWebApp", "PirisWebApp\PirisWebApp.csproj", "{A452F153-54B9-4AE7-A724-B33FA0B40171}"
EndProject
Global
	GlobalSection(SolutionConfigurationPlatforms) = preSolution
		Debug|Any CPU = Debug|Any CPU
		Release|Any CPU = Release|Any CPU
	EndGlobalSection
	GlobalSection(ProjectConfigurationPlatforms) = postSolution
		{A452F153-54B9-4AE7-A724-B33FA0B40171}.Debug|Any CPU.ActiveCfg = Debug|Any CPU
		{A452F153-54B9-4AE7-A724-B33FA0B40171}.Debug|Any CPU.Build.0 = Debug|Any CPU
		{A452F153-54B9-4AE7-A724-B33FA0B40171}.Release|Any CPU.ActiveCfg = Release|Any CPU
		{A452F153-54B9-4AE7-A724-B33FA0B40171}.Release|Any CPU.Build.0 = Release|Any CPU
	EndGlobalSection
	GlobalSection(SolutionProperties) = preSolution
		HideSolutionNode = FALSE
	EndGlobalSection
	GlobalSection(ExtensibilityGlobals) = postSolution
		SolutionGuid = {DF02B399-9C50-4576-AEF0-96BC5EA57EF3}
	EndGlobalSection
EndGlobal
